
Microsoft Visual Studio Solution File, Format Version 12.00
# Visual Studio Version 17
VisualStudioVersion = 17.1.32421.90
MinimumVisualStudioVersion = 10.0.40219.1
Project("{FAE04EC0-301F-11D3-BF4B-00C04F79EFBC}") = "exam-terminal", "exam-terminal\exam-terminal.csproj", "{A83ADCD8-C2AA-4343-80A6-3FDFB365771B}"
EndProject
Global
	GlobalSection(SolutionConfigurationPlatforms) = preSolution
		Debug|Any CPU = Debug|Any CPU
		Release|Any CPU = Release|Any CPU
	EndGlobalSection
	GlobalSection(ProjectConfigurationPlatforms) = postSolution
		{A83ADCD8-C2AA-4343-80A6-3FDFB365771B}.Debug|Any CPU.ActiveCfg = Debug|Any CPU
		{A83ADCD8-C2AA-4343-80A6-3FDFB365771B}.Debug|Any CPU.Build.0 = Debug|Any CPU
		{A83ADCD8-C2AA-4343-80A6-3FDFB365771B}.Release|Any CPU.ActiveCfg = Release|Any CPU
		{A83ADCD8-C2AA-4343-80A6-3FDFB365771B}.Release|Any CPU.Build.0 = Release|Any CPU
	EndGlobalSection
	GlobalSection(SolutionProperties) = preSolution
		HideSolutionNode = FALSE
	EndGlobalSection
	GlobalSection(ExtensibilityGlobals) = postSolution
		SolutionGuid = {7C5455CE-FC16-48FA-BF0A-DB87BD8A0E83}
	EndGlobalSection
EndGlobal
